// !$*UTF8*$!
{
	archiveVersion = 1;
	classes = {
	};
	objectVersion = 50;
	objects = {

/* Begin PBXBuildFile section */
		7F30FEDD218540BA00C4DA06 /* APIModel.swift in Sources */ = {isa = PBXBuildFile; fileRef = 7F30FEDC218540BA00C4DA06 /* APIModel.swift */; };
		7F3832642179403300A551A3 /* NewDayCareViewController.swift in Sources */ = {isa = PBXBuildFile; fileRef = 7F3832632179403300A551A3 /* NewDayCareViewController.swift */; };
		7F38326A217958B800A551A3 /* TextField.swift in Sources */ = {isa = PBXBuildFile; fileRef = 7F383269217958B800A551A3 /* TextField.swift */; };
		7F4389C521A4D9A2002C430D /* UserTests.swift in Sources */ = {isa = PBXBuildFile; fileRef = 7F4389C421A4D9A2002C430D /* UserTests.swift */; };
		7F4389C821A4E0AD002C430D /* URLRequest.swift in Sources */ = {isa = PBXBuildFile; fileRef = 7F4389C721A4E0AD002C430D /* URLRequest.swift */; };
		7F7CAD2E2176BF3000085BA8 /* DayCareViewController.swift in Sources */ = {isa = PBXBuildFile; fileRef = 7F7CAD2D2176BF3000085BA8 /* DayCareViewController.swift */; };
		7FA4B709213CBC9F0085E5D8 /* AppDelegate.swift in Sources */ = {isa = PBXBuildFile; fileRef = 7FA4B708213CBC9F0085E5D8 /* AppDelegate.swift */; };
		7FA4B70B213CBC9F0085E5D8 /* DayCaresCollectionViewController.swift in Sources */ = {isa = PBXBuildFile; fileRef = 7FA4B70A213CBC9F0085E5D8 /* DayCaresCollectionViewController.swift */; };
		7FA4B70E213CBC9F0085E5D8 /* DayCares.storyboard in Resources */ = {isa = PBXBuildFile; fileRef = 7FA4B70C213CBC9F0085E5D8 /* DayCares.storyboard */; };
		7FA4B710213CBCA00085E5D8 /* Assets.xcassets in Resources */ = {isa = PBXBuildFile; fileRef = 7FA4B70F213CBCA00085E5D8 /* Assets.xcassets */; };
		7FA4B713213CBCA00085E5D8 /* LaunchScreen.storyboard in Resources */ = {isa = PBXBuildFile; fileRef = 7FA4B711213CBCA00085E5D8 /* LaunchScreen.storyboard */; };
		7FA4B71E213CBCA00085E5D8 /* DayCareFinderTests.swift in Sources */ = {isa = PBXBuildFile; fileRef = 7FA4B71D213CBCA00085E5D8 /* DayCareFinderTests.swift */; };
		7FA4B729213CBCA00085E5D8 /* DayCareFinderUITests.swift in Sources */ = {isa = PBXBuildFile; fileRef = 7FA4B728213CBCA00085E5D8 /* DayCareFinderUITests.swift */; };
		7FA4B739213CBD310085E5D8 /* DayCare.swift in Sources */ = {isa = PBXBuildFile; fileRef = 7FA4B738213CBD310085E5D8 /* DayCare.swift */; };
		7FA4B73D213CBDD20085E5D8 /* DayCaresCollectionViewCell.swift in Sources */ = {isa = PBXBuildFile; fileRef = 7FA4B73C213CBDD20085E5D8 /* DayCaresCollectionViewCell.swift */; };
		7FABC73621A391A00020A4C1 /* SignInViewController.swift in Sources */ = {isa = PBXBuildFile; fileRef = 7FABC73521A391A00020A4C1 /* SignInViewController.swift */; };
		7FABC73821A391C20020A4C1 /* SignUpViewController.swift in Sources */ = {isa = PBXBuildFile; fileRef = 7FABC73721A391C20020A4C1 /* SignUpViewController.swift */; };
		7FC01ADE21A5E2AB009D0589 /* API.swift in Sources */ = {isa = PBXBuildFile; fileRef = 7FC01ADD21A5E2AB009D0589 /* API.swift */; };
		7FC01AE021A607D0009D0589 /* String.swift in Sources */ = {isa = PBXBuildFile; fileRef = 7FC01ADF21A607D0009D0589 /* String.swift */; };
		7FE4E3E821A9D149006455D0 /* DayCareFinder.xcdatamodeld in Sources */ = {isa = PBXBuildFile; fileRef = 7FE4E3E621A9D149006455D0 /* DayCareFinder.xcdatamodeld */; };
		7FF6C7D421A280B9009521ED /* User.swift in Sources */ = {isa = PBXBuildFile; fileRef = 7FF6C7D321A280B9009521ED /* User.swift */; };
		7FF6C7D621A284A0009521ED /* Users.storyboard in Resources */ = {isa = PBXBuildFile; fileRef = 7FF6C7D521A284A0009521ED /* Users.storyboard */; };
/* End PBXBuildFile section */

/* Begin PBXContainerItemProxy section */
		7FA4B71A213CBCA00085E5D8 /* PBXContainerItemProxy */ = {
			isa = PBXContainerItemProxy;
			containerPortal = 7FA4B6FD213CBC9F0085E5D8 /* Project object */;
			proxyType = 1;
			remoteGlobalIDString = 7FA4B704213CBC9F0085E5D8;
			remoteInfo = DayCareFinder;
		};
		7FA4B725213CBCA00085E5D8 /* PBXContainerItemProxy */ = {
			isa = PBXContainerItemProxy;
			containerPortal = 7FA4B6FD213CBC9F0085E5D8 /* Project object */;
			proxyType = 1;
			remoteGlobalIDString = 7FA4B704213CBC9F0085E5D8;
			remoteInfo = DayCareFinder;
		};
/* End PBXContainerItemProxy section */

/* Begin PBXFileReference section */
		7F30FEDC218540BA00C4DA06 /* APIModel.swift */ = {isa = PBXFileReference; lastKnownFileType = sourcecode.swift; path = APIModel.swift; sourceTree = "<group>"; };
		7F3832632179403300A551A3 /* NewDayCareViewController.swift */ = {isa = PBXFileReference; lastKnownFileType = sourcecode.swift; path = NewDayCareViewController.swift; sourceTree = "<group>"; };
		7F383269217958B800A551A3 /* TextField.swift */ = {isa = PBXFileReference; lastKnownFileType = sourcecode.swift; path = TextField.swift; sourceTree = "<group>"; };
		7F4389C421A4D9A2002C430D /* UserTests.swift */ = {isa = PBXFileReference; lastKnownFileType = sourcecode.swift; path = UserTests.swift; sourceTree = "<group>"; };
		7F4389C721A4E0AD002C430D /* URLRequest.swift */ = {isa = PBXFileReference; lastKnownFileType = sourcecode.swift; path = URLRequest.swift; sourceTree = "<group>"; };
		7F7CAD2D2176BF3000085BA8 /* DayCareViewController.swift */ = {isa = PBXFileReference; lastKnownFileType = sourcecode.swift; path = DayCareViewController.swift; sourceTree = "<group>"; };
		7FA4B705213CBC9F0085E5D8 /* DayCareFinder.app */ = {isa = PBXFileReference; explicitFileType = wrapper.application; includeInIndex = 0; path = DayCareFinder.app; sourceTree = BUILT_PRODUCTS_DIR; };
		7FA4B708213CBC9F0085E5D8 /* AppDelegate.swift */ = {isa = PBXFileReference; lastKnownFileType = sourcecode.swift; path = AppDelegate.swift; sourceTree = "<group>"; };
		7FA4B70A213CBC9F0085E5D8 /* DayCaresCollectionViewController.swift */ = {isa = PBXFileReference; lastKnownFileType = sourcecode.swift; path = DayCaresCollectionViewController.swift; sourceTree = "<group>"; };
		7FA4B70D213CBC9F0085E5D8 /* Base */ = {isa = PBXFileReference; lastKnownFileType = file.storyboard; name = Base; path = Base.lproj/DayCares.storyboard; sourceTree = "<group>"; };
		7FA4B70F213CBCA00085E5D8 /* Assets.xcassets */ = {isa = PBXFileReference; lastKnownFileType = folder.assetcatalog; path = Assets.xcassets; sourceTree = "<group>"; };
		7FA4B712213CBCA00085E5D8 /* Base */ = {isa = PBXFileReference; lastKnownFileType = file.storyboard; name = Base; path = Base.lproj/LaunchScreen.storyboard; sourceTree = "<group>"; };
		7FA4B714213CBCA00085E5D8 /* Info.plist */ = {isa = PBXFileReference; lastKnownFileType = text.plist.xml; path = Info.plist; sourceTree = "<group>"; };
		7FA4B719213CBCA00085E5D8 /* DayCareFinderTests.xctest */ = {isa = PBXFileReference; explicitFileType = wrapper.cfbundle; includeInIndex = 0; path = DayCareFinderTests.xctest; sourceTree = BUILT_PRODUCTS_DIR; };
		7FA4B71D213CBCA00085E5D8 /* DayCareFinderTests.swift */ = {isa = PBXFileReference; lastKnownFileType = sourcecode.swift; path = DayCareFinderTests.swift; sourceTree = "<group>"; };
		7FA4B71F213CBCA00085E5D8 /* Info.plist */ = {isa = PBXFileReference; lastKnownFileType = text.plist.xml; path = Info.plist; sourceTree = "<group>"; };
		7FA4B724213CBCA00085E5D8 /* DayCareFinderUITests.xctest */ = {isa = PBXFileReference; explicitFileType = wrapper.cfbundle; includeInIndex = 0; path = DayCareFinderUITests.xctest; sourceTree = BUILT_PRODUCTS_DIR; };
		7FA4B728213CBCA00085E5D8 /* DayCareFinderUITests.swift */ = {isa = PBXFileReference; lastKnownFileType = sourcecode.swift; path = DayCareFinderUITests.swift; sourceTree = "<group>"; };
		7FA4B72A213CBCA00085E5D8 /* Info.plist */ = {isa = PBXFileReference; lastKnownFileType = text.plist.xml; path = Info.plist; sourceTree = "<group>"; };
		7FA4B738213CBD310085E5D8 /* DayCare.swift */ = {isa = PBXFileReference; lastKnownFileType = sourcecode.swift; path = DayCare.swift; sourceTree = "<group>"; };
		7FA4B73C213CBDD20085E5D8 /* DayCaresCollectionViewCell.swift */ = {isa = PBXFileReference; lastKnownFileType = sourcecode.swift; path = DayCaresCollectionViewCell.swift; sourceTree = "<group>"; };
		7FABC73521A391A00020A4C1 /* SignInViewController.swift */ = {isa = PBXFileReference; lastKnownFileType = sourcecode.swift; path = SignInViewController.swift; sourceTree = "<group>"; };
		7FABC73721A391C20020A4C1 /* SignUpViewController.swift */ = {isa = PBXFileReference; lastKnownFileType = sourcecode.swift; path = SignUpViewController.swift; sourceTree = "<group>"; };
		7FC01ADD21A5E2AB009D0589 /* API.swift */ = {isa = PBXFileReference; lastKnownFileType = sourcecode.swift; path = API.swift; sourceTree = "<group>"; };
		7FC01ADF21A607D0009D0589 /* String.swift */ = {isa = PBXFileReference; lastKnownFileType = sourcecode.swift; path = String.swift; sourceTree = "<group>"; };
		7FE4E3E721A9D149006455D0 /* DayCareFinder.xcdatamodel */ = {isa = PBXFileReference; lastKnownFileType = wrapper.xcdatamodel; path = DayCareFinder.xcdatamodel; sourceTree = "<group>"; };
		7FF6C7D321A280B9009521ED /* User.swift */ = {isa = PBXFileReference; lastKnownFileType = sourcecode.swift; path = User.swift; sourceTree = "<group>"; };
		7FF6C7D521A284A0009521ED /* Users.storyboard */ = {isa = PBXFileReference; lastKnownFileType = file.storyboard; name = Users.storyboard; path = Base.lproj/Users.storyboard; sourceTree = "<group>"; };
/* End PBXFileReference section */

/* Begin PBXFrameworksBuildPhase section */
		7FA4B702213CBC9F0085E5D8 /* Frameworks */ = {
			isa = PBXFrameworksBuildPhase;
			buildActionMask = 2147483647;
			files = (
			);
			runOnlyForDeploymentPostprocessing = 0;
		};
		7FA4B716213CBCA00085E5D8 /* Frameworks */ = {
			isa = PBXFrameworksBuildPhase;
			buildActionMask = 2147483647;
			files = (
			);
			runOnlyForDeploymentPostprocessing = 0;
		};
		7FA4B721213CBCA00085E5D8 /* Frameworks */ = {
			isa = PBXFrameworksBuildPhase;
			buildActionMask = 2147483647;
			files = (
			);
			runOnlyForDeploymentPostprocessing = 0;
		};
/* End PBXFrameworksBuildPhase section */

/* Begin PBXGroup section */
		7F2E9FF1217FB24700615BEF /* DayCares */ = {
			isa = PBXGroup;
			children = (
				7FA4B70A213CBC9F0085E5D8 /* DayCaresCollectionViewController.swift */,
				7F7CAD2D2176BF3000085BA8 /* DayCareViewController.swift */,
				7F3832632179403300A551A3 /* NewDayCareViewController.swift */,
			);
			path = DayCares;
			sourceTree = "<group>";
		};
		7F2E9FF2217FB25E00615BEF /* Users */ = {
			isa = PBXGroup;
			children = (
				7FABC73521A391A00020A4C1 /* SignInViewController.swift */,
				7FABC73721A391C20020A4C1 /* SignUpViewController.swift */,
			);
			path = Users;
			sourceTree = "<group>";
		};
		7F4389C321A4D98E002C430D /* Models */ = {
			isa = PBXGroup;
			children = (
				7F4389C421A4D9A2002C430D /* UserTests.swift */,
			);
			path = Models;
			sourceTree = "<group>";
		};
		7F4389C621A4E07F002C430D /* Extensions */ = {
			isa = PBXGroup;
			children = (
				7F4389C721A4E0AD002C430D /* URLRequest.swift */,
				7FC01ADF21A607D0009D0589 /* String.swift */,
			);
			path = Extensions;
			sourceTree = "<group>";
		};
		7FA4B6FC213CBC9F0085E5D8 = {
			isa = PBXGroup;
			children = (
				7FA4B707213CBC9F0085E5D8 /* DayCareFinder */,
				7FA4B71C213CBCA00085E5D8 /* DayCareFinderTests */,
				7FA4B727213CBCA00085E5D8 /* DayCareFinderUITests */,
				7FA4B706213CBC9F0085E5D8 /* Products */,
			);
			sourceTree = "<group>";
		};
		7FA4B706213CBC9F0085E5D8 /* Products */ = {
			isa = PBXGroup;
			children = (
				7FA4B705213CBC9F0085E5D8 /* DayCareFinder.app */,
				7FA4B719213CBCA00085E5D8 /* DayCareFinderTests.xctest */,
				7FA4B724213CBCA00085E5D8 /* DayCareFinderUITests.xctest */,
			);
			name = Products;
			sourceTree = "<group>";
		};
		7FA4B707213CBC9F0085E5D8 /* DayCareFinder */ = {
			isa = PBXGroup;
			children = (
				7FA4B708213CBC9F0085E5D8 /* AppDelegate.swift */,
				7FA4B70F213CBCA00085E5D8 /* Assets.xcassets */,
				7FA4B736213CBD100085E5D8 /* Controllers */,
				7FA4B714213CBCA00085E5D8 /* Info.plist */,
				7FC01B1E21A8A05F009D0589 /* Database */,
				7FC01ADC21A5E29D009D0589 /* Helpers */,
				7F4389C621A4E07F002C430D /* Extensions */,
				7FA4B737213CBD270085E5D8 /* Models */,
				7FA4B73B213CBD780085E5D8 /* Storyboards */,
				7FA4B73A213CBD640085E5D8 /* Views */,
			);
			path = DayCareFinder;
			sourceTree = "<group>";
		};
		7FA4B71C213CBCA00085E5D8 /* DayCareFinderTests */ = {
			isa = PBXGroup;
			children = (
				7F4389C321A4D98E002C430D /* Models */,
				7FA4B71D213CBCA00085E5D8 /* DayCareFinderTests.swift */,
				7FA4B71F213CBCA00085E5D8 /* Info.plist */,
			);
			path = DayCareFinderTests;
			sourceTree = "<group>";
		};
		7FA4B727213CBCA00085E5D8 /* DayCareFinderUITests */ = {
			isa = PBXGroup;
			children = (
				7FA4B728213CBCA00085E5D8 /* DayCareFinderUITests.swift */,
				7FA4B72A213CBCA00085E5D8 /* Info.plist */,
			);
			path = DayCareFinderUITests;
			sourceTree = "<group>";
		};
		7FA4B736213CBD100085E5D8 /* Controllers */ = {
			isa = PBXGroup;
			children = (
				7F2E9FF1217FB24700615BEF /* DayCares */,
				7F2E9FF2217FB25E00615BEF /* Users */,
			);
			path = Controllers;
			sourceTree = "<group>";
		};
		7FA4B737213CBD270085E5D8 /* Models */ = {
			isa = PBXGroup;
			children = (
				7F30FEDC218540BA00C4DA06 /* APIModel.swift */,
				7FA4B738213CBD310085E5D8 /* DayCare.swift */,
				7FF6C7D321A280B9009521ED /* User.swift */,
			);
			path = Models;
			sourceTree = "<group>";
		};
		7FA4B73A213CBD640085E5D8 /* Views */ = {
			isa = PBXGroup;
			children = (
				7FA4B73C213CBDD20085E5D8 /* DayCaresCollectionViewCell.swift */,
				7F383269217958B800A551A3 /* TextField.swift */,
			);
			path = Views;
			sourceTree = "<group>";
		};
		7FA4B73B213CBD780085E5D8 /* Storyboards */ = {
			isa = PBXGroup;
			children = (
				7FA4B70C213CBC9F0085E5D8 /* DayCares.storyboard */,
				7FA4B711213CBCA00085E5D8 /* LaunchScreen.storyboard */,
				7FF6C7D521A284A0009521ED /* Users.storyboard */,
			);
			path = Storyboards;
			sourceTree = "<group>";
		};
		7FC01ADC21A5E29D009D0589 /* Helpers */ = {
			isa = PBXGroup;
			children = (
				7FC01ADD21A5E2AB009D0589 /* API.swift */,
			);
			path = Helpers;
			sourceTree = "<group>";
		};
		7FC01B1E21A8A05F009D0589 /* Database */ = {
			isa = PBXGroup;
			children = (
				7FE4E3E621A9D149006455D0 /* DayCareFinder.xcdatamodeld */,
			);
			path = Database;
			sourceTree = "<group>";
		};
/* End PBXGroup section */

/* Begin PBXNativeTarget section */
		7FA4B704213CBC9F0085E5D8 /* DayCareFinder */ = {
			isa = PBXNativeTarget;
			buildConfigurationList = 7FA4B72D213CBCA00085E5D8 /* Build configuration list for PBXNativeTarget "DayCareFinder" */;
			buildPhases = (
				7FA4B701213CBC9F0085E5D8 /* Sources */,
				7FA4B702213CBC9F0085E5D8 /* Frameworks */,
				7FA4B703213CBC9F0085E5D8 /* Resources */,
			);
			buildRules = (
			);
			dependencies = (
			);
			name = DayCareFinder;
			productName = DayCareFinder;
			productReference = 7FA4B705213CBC9F0085E5D8 /* DayCareFinder.app */;
			productType = "com.apple.product-type.application";
		};
		7FA4B718213CBCA00085E5D8 /* DayCareFinderTests */ = {
			isa = PBXNativeTarget;
			buildConfigurationList = 7FA4B730213CBCA00085E5D8 /* Build configuration list for PBXNativeTarget "DayCareFinderTests" */;
			buildPhases = (
				7FA4B715213CBCA00085E5D8 /* Sources */,
				7FA4B716213CBCA00085E5D8 /* Frameworks */,
				7FA4B717213CBCA00085E5D8 /* Resources */,
			);
			buildRules = (
			);
			dependencies = (
				7FA4B71B213CBCA00085E5D8 /* PBXTargetDependency */,
			);
			name = DayCareFinderTests;
			productName = DayCareFinderTests;
			productReference = 7FA4B719213CBCA00085E5D8 /* DayCareFinderTests.xctest */;
			productType = "com.apple.product-type.bundle.unit-test";
		};
		7FA4B723213CBCA00085E5D8 /* DayCareFinderUITests */ = {
			isa = PBXNativeTarget;
			buildConfigurationList = 7FA4B733213CBCA00085E5D8 /* Build configuration list for PBXNativeTarget "DayCareFinderUITests" */;
			buildPhases = (
				7FA4B720213CBCA00085E5D8 /* Sources */,
				7FA4B721213CBCA00085E5D8 /* Frameworks */,
				7FA4B722213CBCA00085E5D8 /* Resources */,
			);
			buildRules = (
			);
			dependencies = (
				7FA4B726213CBCA00085E5D8 /* PBXTargetDependency */,
			);
			name = DayCareFinderUITests;
			productName = DayCareFinderUITests;
			productReference = 7FA4B724213CBCA00085E5D8 /* DayCareFinderUITests.xctest */;
			productType = "com.apple.product-type.bundle.ui-testing";
		};
/* End PBXNativeTarget section */

/* Begin PBXProject section */
		7FA4B6FD213CBC9F0085E5D8 /* Project object */ = {
			isa = PBXProject;
			attributes = {
				LastSwiftUpdateCheck = 1000;
				LastUpgradeCheck = 1000;
				ORGANIZATIONNAME = "Jared Payne";
				TargetAttributes = {
					7FA4B704213CBC9F0085E5D8 = {
						CreatedOnToolsVersion = 10.0;
					};
					7FA4B718213CBCA00085E5D8 = {
						CreatedOnToolsVersion = 10.0;
						TestTargetID = 7FA4B704213CBC9F0085E5D8;
					};
					7FA4B723213CBCA00085E5D8 = {
						CreatedOnToolsVersion = 10.0;
						TestTargetID = 7FA4B704213CBC9F0085E5D8;
					};
				};
			};
			buildConfigurationList = 7FA4B700213CBC9F0085E5D8 /* Build configuration list for PBXProject "DayCareFinder" */;
			compatibilityVersion = "Xcode 9.3";
			developmentRegion = en;
			hasScannedForEncodings = 0;
			knownRegions = (
				en,
				Base,
			);
			mainGroup = 7FA4B6FC213CBC9F0085E5D8;
			productRefGroup = 7FA4B706213CBC9F0085E5D8 /* Products */;
			projectDirPath = "";
			projectRoot = "";
			targets = (
				7FA4B704213CBC9F0085E5D8 /* DayCareFinder */,
				7FA4B718213CBCA00085E5D8 /* DayCareFinderTests */,
				7FA4B723213CBCA00085E5D8 /* DayCareFinderUITests */,
			);
		};
/* End PBXProject section */

/* Begin PBXResourcesBuildPhase section */
		7FA4B703213CBC9F0085E5D8 /* Resources */ = {
			isa = PBXResourcesBuildPhase;
			buildActionMask = 2147483647;
			files = (
				7FA4B713213CBCA00085E5D8 /* LaunchScreen.storyboard in Resources */,
				7FF6C7D621A284A0009521ED /* Users.storyboard in Resources */,
				7FA4B710213CBCA00085E5D8 /* Assets.xcassets in Resources */,
				7FA4B70E213CBC9F0085E5D8 /* DayCares.storyboard in Resources */,
			);
			runOnlyForDeploymentPostprocessing = 0;
		};
		7FA4B717213CBCA00085E5D8 /* Resources */ = {
			isa = PBXResourcesBuildPhase;
			buildActionMask = 2147483647;
			files = (
			);
			runOnlyForDeploymentPostprocessing = 0;
		};
		7FA4B722213CBCA00085E5D8 /* Resources */ = {
			isa = PBXResourcesBuildPhase;
			buildActionMask = 2147483647;
			files = (
			);
			runOnlyForDeploymentPostprocessing = 0;
		};
/* End PBXResourcesBuildPhase section */

/* Begin PBXSourcesBuildPhase section */
		7FA4B701213CBC9F0085E5D8 /* Sources */ = {
			isa = PBXSourcesBuildPhase;
			buildActionMask = 2147483647;
			files = (
				7F3832642179403300A551A3 /* NewDayCareViewController.swift in Sources */,
				7F7CAD2E2176BF3000085BA8 /* DayCareViewController.swift in Sources */,
				7F38326A217958B800A551A3 /* TextField.swift in Sources */,
				7F4389C821A4E0AD002C430D /* URLRequest.swift in Sources */,
				7FC01AE021A607D0009D0589 /* String.swift in Sources */,
				7FA4B73D213CBDD20085E5D8 /* DayCaresCollectionViewCell.swift in Sources */,
				7FA4B739213CBD310085E5D8 /* DayCare.swift in Sources */,
				7FA4B70B213CBC9F0085E5D8 /* DayCaresCollectionViewController.swift in Sources */,
				7F30FEDD218540BA00C4DA06 /* APIModel.swift in Sources */,
				7FE4E3E821A9D149006455D0 /* DayCareFinder.xcdatamodeld in Sources */,
				7FC01ADE21A5E2AB009D0589 /* API.swift in Sources */,
				7FF6C7D421A280B9009521ED /* User.swift in Sources */,
				7FA4B709213CBC9F0085E5D8 /* AppDelegate.swift in Sources */,
				7FABC73621A391A00020A4C1 /* SignInViewController.swift in Sources */,
				7FABC73821A391C20020A4C1 /* SignUpViewController.swift in Sources */,
			);
			runOnlyForDeploymentPostprocessing = 0;
		};
		7FA4B715213CBCA00085E5D8 /* Sources */ = {
			isa = PBXSourcesBuildPhase;
			buildActionMask = 2147483647;
			files = (
				7F4389C521A4D9A2002C430D /* UserTests.swift in Sources */,
				7FA4B71E213CBCA00085E5D8 /* DayCareFinderTests.swift in Sources */,
			);
			runOnlyForDeploymentPostprocessing = 0;
		};
		7FA4B720213CBCA00085E5D8 /* Sources */ = {
			isa = PBXSourcesBuildPhase;
			buildActionMask = 2147483647;
			files = (
				7FA4B729213CBCA00085E5D8 /* DayCareFinderUITests.swift in Sources */,
			);
			runOnlyForDeploymentPostprocessing = 0;
		};
/* End PBXSourcesBuildPhase section */

/* Begin PBXTargetDependency section */
		7FA4B71B213CBCA00085E5D8 /* PBXTargetDependency */ = {
			isa = PBXTargetDependency;
			target = 7FA4B704213CBC9F0085E5D8 /* DayCareFinder */;
			targetProxy = 7FA4B71A213CBCA00085E5D8 /* PBXContainerItemProxy */;
		};
		7FA4B726213CBCA00085E5D8 /* PBXTargetDependency */ = {
			isa = PBXTargetDependency;
			target = 7FA4B704213CBC9F0085E5D8 /* DayCareFinder */;
			targetProxy = 7FA4B725213CBCA00085E5D8 /* PBXContainerItemProxy */;
		};
/* End PBXTargetDependency section */

/* Begin PBXVariantGroup section */
		7FA4B70C213CBC9F0085E5D8 /* DayCares.storyboard */ = {
			isa = PBXVariantGroup;
			children = (
				7FA4B70D213CBC9F0085E5D8 /* Base */,
			);
			name = DayCares.storyboard;
			sourceTree = "<group>";
		};
		7FA4B711213CBCA00085E5D8 /* LaunchScreen.storyboard */ = {
			isa = PBXVariantGroup;
			children = (
				7FA4B712213CBCA00085E5D8 /* Base */,
			);
			name = LaunchScreen.storyboard;
			sourceTree = "<group>";
		};
/* End PBXVariantGroup section */

/* Begin XCBuildConfiguration section */
		7FA4B72B213CBCA00085E5D8 /* Debug */ = {
			isa = XCBuildConfiguration;
			buildSettings = {
				ALWAYS_SEARCH_USER_PATHS = NO;
				CLANG_ANALYZER_NONNULL = YES;
				CLANG_ANALYZER_NUMBER_OBJECT_CONVERSION = YES_AGGRESSIVE;
				CLANG_CXX_LANGUAGE_STANDARD = "gnu++14";
				CLANG_CXX_LIBRARY = "libc++";
				CLANG_ENABLE_MODULES = YES;
				CLANG_ENABLE_OBJC_ARC = YES;
				CLANG_ENABLE_OBJC_WEAK = YES;
				CLANG_WARN_BLOCK_CAPTURE_AUTORELEASING = YES;
				CLANG_WARN_BOOL_CONVERSION = YES;
				CLANG_WARN_COMMA = YES;
				CLANG_WARN_CONSTANT_CONVERSION = YES;
				CLANG_WARN_DEPRECATED_OBJC_IMPLEMENTATIONS = YES;
				CLANG_WARN_DIRECT_OBJC_ISA_USAGE = YES_ERROR;
				CLANG_WARN_DOCUMENTATION_COMMENTS = YES;
				CLANG_WARN_EMPTY_BODY = YES;
				CLANG_WARN_ENUM_CONVERSION = YES;
				CLANG_WARN_INFINITE_RECURSION = YES;
				CLANG_WARN_INT_CONVERSION = YES;
				CLANG_WARN_NON_LITERAL_NULL_CONVERSION = YES;
				CLANG_WARN_OBJC_IMPLICIT_RETAIN_SELF = YES;
				CLANG_WARN_OBJC_LITERAL_CONVERSION = YES;
				CLANG_WARN_OBJC_ROOT_CLASS = YES_ERROR;
				CLANG_WARN_RANGE_LOOP_ANALYSIS = YES;
				CLANG_WARN_STRICT_PROTOTYPES = YES;
				CLANG_WARN_SUSPICIOUS_MOVE = YES;
				CLANG_WARN_UNGUARDED_AVAILABILITY = YES_AGGRESSIVE;
				CLANG_WARN_UNREACHABLE_CODE = YES;
				CLANG_WARN__DUPLICATE_METHOD_MATCH = YES;
				CODE_SIGN_IDENTITY = "iPhone Developer";
				COPY_PHASE_STRIP = NO;
				DEBUG_INFORMATION_FORMAT = dwarf;
				ENABLE_STRICT_OBJC_MSGSEND = YES;
				ENABLE_TESTABILITY = YES;
				GCC_C_LANGUAGE_STANDARD = gnu11;
				GCC_DYNAMIC_NO_PIC = NO;
				GCC_NO_COMMON_BLOCKS = YES;
				GCC_OPTIMIZATION_LEVEL = 0;
				GCC_PREPROCESSOR_DEFINITIONS = (
					"DEBUG=1",
					"$(inherited)",
				);
				GCC_WARN_64_TO_32_BIT_CONVERSION = YES;
				GCC_WARN_ABOUT_RETURN_TYPE = YES_ERROR;
				GCC_WARN_UNDECLARED_SELECTOR = YES;
				GCC_WARN_UNINITIALIZED_AUTOS = YES_AGGRESSIVE;
				GCC_WARN_UNUSED_FUNCTION = YES;
				GCC_WARN_UNUSED_VARIABLE = YES;
				IPHONEOS_DEPLOYMENT_TARGET = 12.0;
				MTL_ENABLE_DEBUG_INFO = INCLUDE_SOURCE;
				ONLY_ACTIVE_ARCH = YES;
				SDKROOT = iphoneos;
				SWIFT_ACTIVE_COMPILATION_CONDITIONS = DEBUG;
				SWIFT_OPTIMIZATION_LEVEL = "-Onone";
			};
			name = Debug;
		};
		7FA4B72C213CBCA00085E5D8 /* Release */ = {
			isa = XCBuildConfiguration;
			buildSettings = {
				ALWAYS_SEARCH_USER_PATHS = NO;
				CLANG_ANALYZER_NONNULL = YES;
				CLANG_ANALYZER_NUMBER_OBJECT_CONVERSION = YES_AGGRESSIVE;
				CLANG_CXX_LANGUAGE_STANDARD = "gnu++14";
				CLANG_CXX_LIBRARY = "libc++";
				CLANG_ENABLE_MODULES = YES;
				CLANG_ENABLE_OBJC_ARC = YES;
				CLANG_ENABLE_OBJC_WEAK = YES;
				CLANG_WARN_BLOCK_CAPTURE_AUTORELEASING = YES;
				CLANG_WARN_BOOL_CONVERSION = YES;
				CLANG_WARN_COMMA = YES;
				CLANG_WARN_CONSTANT_CONVERSION = YES;
				CLANG_WARN_DEPRECATED_OBJC_IMPLEMENTATIONS = YES;
				CLANG_WARN_DIRECT_OBJC_ISA_USAGE = YES_ERROR;
				CLANG_WARN_DOCUMENTATION_COMMENTS = YES;
				CLANG_WARN_EMPTY_BODY = YES;
				CLANG_WARN_ENUM_CONVERSION = YES;
				CLANG_WARN_INFINITE_RECURSION = YES;
				CLANG_WARN_INT_CONVERSION = YES;
				CLANG_WARN_NON_LITERAL_NULL_CONVERSION = YES;
				CLANG_WARN_OBJC_IMPLICIT_RETAIN_SELF = YES;
				CLANG_WARN_OBJC_LITERAL_CONVERSION = YES;
				CLANG_WARN_OBJC_ROOT_CLASS = YES_ERROR;
				CLANG_WARN_RANGE_LOOP_ANALYSIS = YES;
				CLANG_WARN_STRICT_PROTOTYPES = YES;
				CLANG_WARN_SUSPICIOUS_MOVE = YES;
				CLANG_WARN_UNGUARDED_AVAILABILITY = YES_AGGRESSIVE;
				CLANG_WARN_UNREACHABLE_CODE = YES;
				CLANG_WARN__DUPLICATE_METHOD_MATCH = YES;
				CODE_SIGN_IDENTITY = "iPhone Developer";
				COPY_PHASE_STRIP = NO;
				DEBUG_INFORMATION_FORMAT = "dwarf-with-dsym";
				ENABLE_NS_ASSERTIONS = NO;
				ENABLE_STRICT_OBJC_MSGSEND = YES;
				GCC_C_LANGUAGE_STANDARD = gnu11;
				GCC_NO_COMMON_BLOCKS = YES;
				GCC_WARN_64_TO_32_BIT_CONVERSION = YES;
				GCC_WARN_ABOUT_RETURN_TYPE = YES_ERROR;
				GCC_WARN_UNDECLARED_SELECTOR = YES;
				GCC_WARN_UNINITIALIZED_AUTOS = YES_AGGRESSIVE;
				GCC_WARN_UNUSED_FUNCTION = YES;
				GCC_WARN_UNUSED_VARIABLE = YES;
				IPHONEOS_DEPLOYMENT_TARGET = 12.0;
				MTL_ENABLE_DEBUG_INFO = NO;
				SDKROOT = iphoneos;
				SWIFT_COMPILATION_MODE = wholemodule;
				SWIFT_OPTIMIZATION_LEVEL = "-O";
				VALIDATE_PRODUCT = YES;
			};
			name = Release;
		};
		7FA4B72E213CBCA00085E5D8 /* Debug */ = {
			isa = XCBuildConfiguration;
			buildSettings = {
				ASSETCATALOG_COMPILER_APPICON_NAME = AppIcon;
				CODE_SIGN_STYLE = Automatic;
				DEVELOPMENT_TEAM = 7V5FHJ869W;
				INFOPLIST_FILE = DayCareFinder/Info.plist;
				LD_RUNPATH_SEARCH_PATHS = (
					"$(inherited)",
					"@executable_path/Frameworks",
				);
				PRODUCT_BUNDLE_IDENTIFIER = com.jaredmpayne.DayCareFinder;
				PRODUCT_NAME = "$(TARGET_NAME)";
				SWIFT_VERSION = 4.2;
				TARGETED_DEVICE_FAMILY = "1,2";
			};
			name = Debug;
		};
		7FA4B72F213CBCA00085E5D8 /* Release */ = {
			isa = XCBuildConfiguration;
			buildSettings = {
				ASSETCATALOG_COMPILER_APPICON_NAME = AppIcon;
				CODE_SIGN_STYLE = Automatic;
				DEVELOPMENT_TEAM = 7V5FHJ869W;
				INFOPLIST_FILE = DayCareFinder/Info.plist;
				LD_RUNPATH_SEARCH_PATHS = (
					"$(inherited)",
					"@executable_path/Frameworks",
				);
				PRODUCT_BUNDLE_IDENTIFIER = com.jaredmpayne.DayCareFinder;
				PRODUCT_NAME = "$(TARGET_NAME)";
				SWIFT_VERSION = 4.2;
				TARGETED_DEVICE_FAMILY = "1,2";
			};
			name = Release;
		};
		7FA4B731213CBCA00085E5D8 /* Debug */ = {
			isa = XCBuildConfiguration;
			buildSettings = {
				ALWAYS_EMBED_SWIFT_STANDARD_LIBRARIES = YES;
				BUNDLE_LOADER = "$(TEST_HOST)";
				CODE_SIGN_STYLE = Automatic;
				DEVELOPMENT_TEAM = 7V5FHJ869W;
				INFOPLIST_FILE = DayCareFinderTests/Info.plist;
				LD_RUNPATH_SEARCH_PATHS = (
					"$(inherited)",
					"@executable_path/Frameworks",
					"@loader_path/Frameworks",
				);
				PRODUCT_BUNDLE_IDENTIFIER = com.jaredmpayne.DayCareFinderTests;
				PRODUCT_NAME = "$(TARGET_NAME)";
				SWIFT_VERSION = 4.2;
				TARGETED_DEVICE_FAMILY = "1,2";
				TEST_HOST = "$(BUILT_PRODUCTS_DIR)/DayCareFinder.app/DayCareFinder";
			};
			name = Debug;
		};
		7FA4B732213CBCA00085E5D8 /* Release */ = {
			isa = XCBuildConfiguration;
			buildSettings = {
				ALWAYS_EMBED_SWIFT_STANDARD_LIBRARIES = YES;
				BUNDLE_LOADER = "$(TEST_HOST)";
				CODE_SIGN_STYLE = Automatic;
				DEVELOPMENT_TEAM = 7V5FHJ869W;
				INFOPLIST_FILE = DayCareFinderTests/Info.plist;
				LD_RUNPATH_SEARCH_PATHS = (
					"$(inherited)",
					"@executable_path/Frameworks",
					"@loader_path/Frameworks",
				);
				PRODUCT_BUNDLE_IDENTIFIER = com.jaredmpayne.DayCareFinderTests;
				PRODUCT_NAME = "$(TARGET_NAME)";
				SWIFT_VERSION = 4.2;
				TARGETED_DEVICE_FAMILY = "1,2";
				TEST_HOST = "$(BUILT_PRODUCTS_DIR)/DayCareFinder.app/DayCareFinder";
			};
			name = Release;
		};
		7FA4B734213CBCA00085E5D8 /* Debug */ = {
			isa = XCBuildConfiguration;
			buildSettings = {
				ALWAYS_EMBED_SWIFT_STANDARD_LIBRARIES = YES;
				CODE_SIGN_STYLE = Automatic;
				DEVELOPMENT_TEAM = 7V5FHJ869W;
				INFOPLIST_FILE = DayCareFinderUITests/Info.plist;
				LD_RUNPATH_SEARCH_PATHS = (
					"$(inherited)",
					"@executable_path/Frameworks",
					"@loader_path/Frameworks",
				);
				PRODUCT_BUNDLE_IDENTIFIER = com.jaredmpayne.DayCareFinderUITests;
				PRODUCT_NAME = "$(TARGET_NAME)";
				SWIFT_VERSION = 4.2;
				TARGETED_DEVICE_FAMILY = "1,2";
				TEST_TARGET_NAME = DayCareFinder;
			};
			name = Debug;
		};
		7FA4B735213CBCA00085E5D8 /* Release */ = {
			isa = XCBuildConfiguration;
			buildSettings = {
				ALWAYS_EMBED_SWIFT_STANDARD_LIBRARIES = YES;
				CODE_SIGN_STYLE = Automatic;
				DEVELOPMENT_TEAM = 7V5FHJ869W;
				INFOPLIST_FILE = DayCareFinderUITests/Info.plist;
				LD_RUNPATH_SEARCH_PATHS = (
					"$(inherited)",
					"@executable_path/Frameworks",
					"@loader_path/Frameworks",
				);
				PRODUCT_BUNDLE_IDENTIFIER = com.jaredmpayne.DayCareFinderUITests;
				PRODUCT_NAME = "$(TARGET_NAME)";
				SWIFT_VERSION = 4.2;
				TARGETED_DEVICE_FAMILY = "1,2";
				TEST_TARGET_NAME = DayCareFinder;
			};
			name = Release;
		};
/* End XCBuildConfiguration section */

/* Begin XCConfigurationList section */
		7FA4B700213CBC9F0085E5D8 /* Build configuration list for PBXProject "DayCareFinder" */ = {
			isa = XCConfigurationList;
			buildConfigurations = (
				7FA4B72B213CBCA00085E5D8 /* Debug */,
				7FA4B72C213CBCA00085E5D8 /* Release */,
			);
			defaultConfigurationIsVisible = 0;
			defaultConfigurationName = Release;
		};
		7FA4B72D213CBCA00085E5D8 /* Build configuration list for PBXNativeTarget "DayCareFinder" */ = {
			isa = XCConfigurationList;
			buildConfigurations = (
				7FA4B72E213CBCA00085E5D8 /* Debug */,
				7FA4B72F213CBCA00085E5D8 /* Release */,
			);
			defaultConfigurationIsVisible = 0;
			defaultConfigurationName = Release;
		};
		7FA4B730213CBCA00085E5D8 /* Build configuration list for PBXNativeTarget "DayCareFinderTests" */ = {
			isa = XCConfigurationList;
			buildConfigurations = (
				7FA4B731213CBCA00085E5D8 /* Debug */,
				7FA4B732213CBCA00085E5D8 /* Release */,
			);
			defaultConfigurationIsVisible = 0;
			defaultConfigurationName = Release;
		};
		7FA4B733213CBCA00085E5D8 /* Build configuration list for PBXNativeTarget "DayCareFinderUITests" */ = {
			isa = XCConfigurationList;
			buildConfigurations = (
				7FA4B734213CBCA00085E5D8 /* Debug */,
				7FA4B735213CBCA00085E5D8 /* Release */,
			);
			defaultConfigurationIsVisible = 0;
			defaultConfigurationName = Release;
		};
/* End XCConfigurationList section */

/* Begin XCVersionGroup section */
		7FE4E3E621A9D149006455D0 /* DayCareFinder.xcdatamodeld */ = {
			isa = XCVersionGroup;
			children = (
				7FE4E3E721A9D149006455D0 /* DayCareFinder.xcdatamodel */,
			);
			currentVersion = 7FE4E3E721A9D149006455D0 /* DayCareFinder.xcdatamodel */;
			path = DayCareFinder.xcdatamodeld;
			sourceTree = "<group>";
			versionGroupType = wrapper.xcdatamodel;
		};
/* End XCVersionGroup section */
	};
	rootObject = 7FA4B6FD213CBC9F0085E5D8 /* Project object */;
}
